// !$*UTF8*$!
{
	archiveVersion = 1;
	classes = {
	};
	objectVersion = 55;
	objects = {

/* Begin PBXBuildFile section */
		BE1B25C2280C50D900D41BD0 /* AppDelegate.swift in Sources */ = {isa = PBXBuildFile; fileRef = BE1B25C1280C50D900D41BD0 /* AppDelegate.swift */; };
		BE1B25C4280C50D900D41BD0 /* SceneDelegate.swift in Sources */ = {isa = PBXBuildFile; fileRef = BE1B25C3280C50D900D41BD0 /* SceneDelegate.swift */; };
		BE1B25C9280C50D900D41BD0 /* Main.storyboard in Resources */ = {isa = PBXBuildFile; fileRef = BE1B25C7280C50D900D41BD0 /* Main.storyboard */; };
		BE1B25CB280C50DD00D41BD0 /* Assets.xcassets in Resources */ = {isa = PBXBuildFile; fileRef = BE1B25CA280C50DD00D41BD0 /* Assets.xcassets */; };
		BE1B25CE280C50DD00D41BD0 /* LaunchScreen.storyboard in Resources */ = {isa = PBXBuildFile; fileRef = BE1B25CC280C50DD00D41BD0 /* LaunchScreen.storyboard */; };
		BE1B25D7280C541100D41BD0 /* OrdersTableViewController.swift in Sources */ = {isa = PBXBuildFile; fileRef = BE1B25D6280C541100D41BD0 /* OrdersTableViewController.swift */; };
		BE1B25D9280C544400D41BD0 /* AddOrderViewController.swift in Sources */ = {isa = PBXBuildFile; fileRef = BE1B25D8280C544400D41BD0 /* AddOrderViewController.swift */; };
		BE1B25DC280C5DBD00D41BD0 /* Webservice.swift in Sources */ = {isa = PBXBuildFile; fileRef = BE1B25DB280C5DBD00D41BD0 /* Webservice.swift */; };
		BE1B25DF280C6AAA00D41BD0 /* Order.swift in Sources */ = {isa = PBXBuildFile; fileRef = BE1B25DE280C6AAA00D41BD0 /* Order.swift */; };
		BE1B25E2280C760800D41BD0 /* OrderViewModel.swift in Sources */ = {isa = PBXBuildFile; fileRef = BE1B25E1280C760800D41BD0 /* OrderViewModel.swift */; };
		BE1B25E4280C827800D41BD0 /* AddCoffeeOrderViewModel.swift in Sources */ = {isa = PBXBuildFile; fileRef = BE1B25E3280C827800D41BD0 /* AddCoffeeOrderViewModel.swift */; };
/* End PBXBuildFile section */

/* Begin PBXFileReference section */
		BE1B25BE280C50D900D41BD0 /* HotCoffee.app */ = {isa = PBXFileReference; explicitFileType = wrapper.application; includeInIndex = 0; path = HotCoffee.app; sourceTree = BUILT_PRODUCTS_DIR; };
		BE1B25C1280C50D900D41BD0 /* AppDelegate.swift */ = {isa = PBXFileReference; lastKnownFileType = sourcecode.swift; path = AppDelegate.swift; sourceTree = "<group>"; };
		BE1B25C3280C50D900D41BD0 /* SceneDelegate.swift */ = {isa = PBXFileReference; lastKnownFileType = sourcecode.swift; path = SceneDelegate.swift; sourceTree = "<group>"; };
		BE1B25C8280C50D900D41BD0 /* Base */ = {isa = PBXFileReference; lastKnownFileType = file.storyboard; name = Base; path = Base.lproj/Main.storyboard; sourceTree = "<group>"; };
		BE1B25CA280C50DD00D41BD0 /* Assets.xcassets */ = {isa = PBXFileReference; lastKnownFileType = folder.assetcatalog; path = Assets.xcassets; sourceTree = "<group>"; };
		BE1B25CD280C50DD00D41BD0 /* Base */ = {isa = PBXFileReference; lastKnownFileType = file.storyboard; name = Base; path = Base.lproj/LaunchScreen.storyboard; sourceTree = "<group>"; };
		BE1B25CF280C50DD00D41BD0 /* Info.plist */ = {isa = PBXFileReference; lastKnownFileType = text.plist.xml; path = Info.plist; sourceTree = "<group>"; };
		BE1B25D6280C541100D41BD0 /* OrdersTableViewController.swift */ = {isa = PBXFileReference; lastKnownFileType = sourcecode.swift; path = OrdersTableViewController.swift; sourceTree = "<group>"; };
		BE1B25D8280C544400D41BD0 /* AddOrderViewController.swift */ = {isa = PBXFileReference; lastKnownFileType = sourcecode.swift; path = AddOrderViewController.swift; sourceTree = "<group>"; };
		BE1B25DB280C5DBD00D41BD0 /* Webservice.swift */ = {isa = PBXFileReference; lastKnownFileType = sourcecode.swift; path = Webservice.swift; sourceTree = "<group>"; };
		BE1B25DE280C6AAA00D41BD0 /* Order.swift */ = {isa = PBXFileReference; lastKnownFileType = sourcecode.swift; path = Order.swift; sourceTree = "<group>"; };
		BE1B25E1280C760800D41BD0 /* OrderViewModel.swift */ = {isa = PBXFileReference; lastKnownFileType = sourcecode.swift; path = OrderViewModel.swift; sourceTree = "<group>"; };
		BE1B25E3280C827800D41BD0 /* AddCoffeeOrderViewModel.swift */ = {isa = PBXFileReference; lastKnownFileType = sourcecode.swift; path = AddCoffeeOrderViewModel.swift; sourceTree = "<group>"; };
/* End PBXFileReference section */

/* Begin PBXFrameworksBuildPhase section */
		BE1B25BB280C50D900D41BD0 /* Frameworks */ = {
			isa = PBXFrameworksBuildPhase;
			buildActionMask = 2147483647;
			files = (
			);
			runOnlyForDeploymentPostprocessing = 0;
		};
/* End PBXFrameworksBuildPhase section */

/* Begin PBXGroup section */
		BE1B25B5280C50D900D41BD0 = {
			isa = PBXGroup;
			children = (
				BE1B25C0280C50D900D41BD0 /* HotCoffee */,
				BE1B25BF280C50D900D41BD0 /* Products */,
			);
			sourceTree = "<group>";
		};
		BE1B25BF280C50D900D41BD0 /* Products */ = {
			isa = PBXGroup;
			children = (
				BE1B25BE280C50D900D41BD0 /* HotCoffee.app */,
			);
			name = Products;
			sourceTree = "<group>";
		};
		BE1B25C0280C50D900D41BD0 /* HotCoffee */ = {
			isa = PBXGroup;
			children = (
				BE1B25E0280C75F700D41BD0 /* View Models */,
				BE1B25DD280C6A9400D41BD0 /* Models */,
				BE1B25DA280C5DA000D41BD0 /* Services */,
				BE1B25D5280C510400D41BD0 /* Controllers */,
				BE1B25C1280C50D900D41BD0 /* AppDelegate.swift */,
				BE1B25C3280C50D900D41BD0 /* SceneDelegate.swift */,
				BE1B25C7280C50D900D41BD0 /* Main.storyboard */,
				BE1B25CA280C50DD00D41BD0 /* Assets.xcassets */,
				BE1B25CC280C50DD00D41BD0 /* LaunchScreen.storyboard */,
				BE1B25CF280C50DD00D41BD0 /* Info.plist */,
			);
			path = HotCoffee;
			sourceTree = "<group>";
		};
		BE1B25D5280C510400D41BD0 /* Controllers */ = {
			isa = PBXGroup;
			children = (
				BE1B25D6280C541100D41BD0 /* OrdersTableViewController.swift */,
				BE1B25D8280C544400D41BD0 /* AddOrderViewController.swift */,
			);
			path = Controllers;
			sourceTree = "<group>";
		};
		BE1B25DA280C5DA000D41BD0 /* Services */ = {
			isa = PBXGroup;
			children = (
				BE1B25DB280C5DBD00D41BD0 /* Webservice.swift */,
			);
			path = Services;
			sourceTree = "<group>";
		};
		BE1B25DD280C6A9400D41BD0 /* Models */ = {
			isa = PBXGroup;
			children = (
				BE1B25DE280C6AAA00D41BD0 /* Order.swift */,
			);
			path = Models;
			sourceTree = "<group>";
		};
		BE1B25E0280C75F700D41BD0 /* View Models */ = {
			isa = PBXGroup;
			children = (
				BE1B25E1280C760800D41BD0 /* OrderViewModel.swift */,
				BE1B25E3280C827800D41BD0 /* AddCoffeeOrderViewModel.swift */,
			);
			path = "View Models";
			sourceTree = "<group>";
		};
/* End PBXGroup section */

/* Begin PBXNativeTarget section */
		BE1B25BD280C50D900D41BD0 /* HotCoffee */ = {
			isa = PBXNativeTarget;
			buildConfigurationList = BE1B25D2280C50DD00D41BD0 /* Build configuration list for PBXNativeTarget "HotCoffee" */;
			buildPhases = (
				BE1B25BA280C50D900D41BD0 /* Sources */,
				BE1B25BB280C50D900D41BD0 /* Frameworks */,
				BE1B25BC280C50D900D41BD0 /* Resources */,
			);
			buildRules = (
			);
			dependencies = (
			);
			name = HotCoffee;
			productName = HotCoffee;
			productReference = BE1B25BE280C50D900D41BD0 /* HotCoffee.app */;
			productType = "com.apple.product-type.application";
		};
/* End PBXNativeTarget section */

/* Begin PBXProject section */
		BE1B25B6280C50D900D41BD0 /* Project object */ = {
			isa = PBXProject;
			attributes = {
				BuildIndependentTargetsInParallel = 1;
				LastSwiftUpdateCheck = 1330;
				LastUpgradeCheck = 1330;
				TargetAttributes = {
					BE1B25BD280C50D900D41BD0 = {
						CreatedOnToolsVersion = 13.3;
					};
				};
			};
			buildConfigurationList = BE1B25B9280C50D900D41BD0 /* Build configuration list for PBXProject "HotCoffee" */;
			compatibilityVersion = "Xcode 13.0";
			developmentRegion = en;
			hasScannedForEncodings = 0;
			knownRegions = (
				en,
				Base,
			);
			mainGroup = BE1B25B5280C50D900D41BD0;
			productRefGroup = BE1B25BF280C50D900D41BD0 /* Products */;
			projectDirPath = "";
			projectRoot = "";
			targets = (
				BE1B25BD280C50D900D41BD0 /* HotCoffee */,
			);
		};
/* End PBXProject section */

/* Begin PBXResourcesBuildPhase section */
		BE1B25BC280C50D900D41BD0 /* Resources */ = {
			isa = PBXResourcesBuildPhase;
			buildActionMask = 2147483647;
			files = (
				BE1B25CE280C50DD00D41BD0 /* LaunchScreen.storyboard in Resources */,
				BE1B25CB280C50DD00D41BD0 /* Assets.xcassets in Resources */,
				BE1B25C9280C50D900D41BD0 /* Main.storyboard in Resources */,
			);
			runOnlyForDeploymentPostprocessing = 0;
		};
/* End PBXResourcesBuildPhase section */

/* Begin PBXSourcesBuildPhase section */
		BE1B25BA280C50D900D41BD0 /* Sources */ = {
			isa = PBXSourcesBuildPhase;
			buildActionMask = 2147483647;
			files = (
				BE1B25DF280C6AAA00D41BD0 /* Order.swift in Sources */,
				BE1B25E4280C827800D41BD0 /* AddCoffeeOrderViewModel.swift in Sources */,
				BE1B25C2280C50D900D41BD0 /* AppDelegate.swift in Sources */,
				BE1B25C4280C50D900D41BD0 /* SceneDelegate.swift in Sources */,
				BE1B25D7280C541100D41BD0 /* OrdersTableViewController.swift in Sources */,
				BE1B25DC280C5DBD00D41BD0 /* Webservice.swift in Sources */,
				BE1B25E2280C760800D41BD0 /* OrderViewModel.swift in Sources */,
				BE1B25D9280C544400D41BD0 /* AddOrderViewController.swift in Sources */,
			);
			runOnlyForDeploymentPostprocessing = 0;
		};
/* End PBXSourcesBuildPhase section */

/* Begin PBXVariantGroup section */
		BE1B25C7280C50D900D41BD0 /* Main.storyboard */ = {
			isa = PBXVariantGroup;
			children = (
				BE1B25C8280C50D900D41BD0 /* Base */,
			);
			name = Main.storyboard;
			sourceTree = "<group>";
		};
		BE1B25CC280C50DD00D41BD0 /* LaunchScreen.storyboard */ = {
			isa = PBXVariantGroup;
			children = (
				BE1B25CD280C50DD00D41BD0 /* Base */,
			);
			name = LaunchScreen.storyboard;
			sourceTree = "<group>";
		};
/* End PBXVariantGroup section */

/* Begin XCBuildConfiguration section */
		BE1B25D0280C50DD00D41BD0 /* Debug */ = {
			isa = XCBuildConfiguration;
			buildSettings = {
				ALWAYS_SEARCH_USER_PATHS = NO;
				CLANG_ANALYZER_NONNULL = YES;
				CLANG_ANALYZER_NUMBER_OBJECT_CONVERSION = YES_AGGRESSIVE;
				CLANG_CXX_LANGUAGE_STANDARD = "gnu++17";
				CLANG_ENABLE_MODULES = YES;
				CLANG_ENABLE_OBJC_ARC = YES;
				CLANG_ENABLE_OBJC_WEAK = YES;
				CLANG_WARN_BLOCK_CAPTURE_AUTORELEASING = YES;
				CLANG_WARN_BOOL_CONVERSION = YES;
				CLANG_WARN_COMMA = YES;
				CLANG_WARN_CONSTANT_CONVERSION = YES;
				CLANG_WARN_DEPRECATED_OBJC_IMPLEMENTATIONS = YES;
				CLANG_WARN_DIRECT_OBJC_ISA_USAGE = YES_ERROR;
				CLANG_WARN_DOCUMENTATION_COMMENTS = YES;
				CLANG_WARN_EMPTY_BODY = YES;
				CLANG_WARN_ENUM_CONVERSION = YES;
				CLANG_WARN_INFINITE_RECURSION = YES;
				CLANG_WARN_INT_CONVERSION = YES;
				CLANG_WARN_NON_LITERAL_NULL_CONVERSION = YES;
				CLANG_WARN_OBJC_IMPLICIT_RETAIN_SELF = YES;
				CLANG_WARN_OBJC_LITERAL_CONVERSION = YES;
				CLANG_WARN_OBJC_ROOT_CLASS = YES_ERROR;
				CLANG_WARN_QUOTED_INCLUDE_IN_FRAMEWORK_HEADER = YES;
				CLANG_WARN_RANGE_LOOP_ANALYSIS = YES;
				CLANG_WARN_STRICT_PROTOTYPES = YES;
				CLANG_WARN_SUSPICIOUS_MOVE = YES;
				CLANG_WARN_UNGUARDED_AVAILABILITY = YES_AGGRESSIVE;
				CLANG_WARN_UNREACHABLE_CODE = YES;
				CLANG_WARN__DUPLICATE_METHOD_MATCH = YES;
				COPY_PHASE_STRIP = NO;
				DEBUG_INFORMATION_FORMAT = dwarf;
				ENABLE_STRICT_OBJC_MSGSEND = YES;
				ENABLE_TESTABILITY = YES;
				GCC_C_LANGUAGE_STANDARD = gnu11;
				GCC_DYNAMIC_NO_PIC = NO;
				GCC_NO_COMMON_BLOCKS = YES;
				GCC_OPTIMIZATION_LEVEL = 0;
				GCC_PREPROCESSOR_DEFINITIONS = (
					"DEBUG=1",
					"$(inherited)",
				);
				GCC_WARN_64_TO_32_BIT_CONVERSION = YES;
				GCC_WARN_ABOUT_RETURN_TYPE = YES_ERROR;
				GCC_WARN_UNDECLARED_SELECTOR = YES;
				GCC_WARN_UNINITIALIZED_AUTOS = YES_AGGRESSIVE;
				GCC_WARN_UNUSED_FUNCTION = YES;
				GCC_WARN_UNUSED_VARIABLE = YES;
				IPHONEOS_DEPLOYMENT_TARGET = 15.4;
				MTL_ENABLE_DEBUG_INFO = INCLUDE_SOURCE;
				MTL_FAST_MATH = YES;
				ONLY_ACTIVE_ARCH = YES;
				SDKROOT = iphoneos;
				SWIFT_ACTIVE_COMPILATION_CONDITIONS = DEBUG;
				SWIFT_OPTIMIZATION_LEVEL = "-Onone";
			};
			name = Debug;
		};
		BE1B25D1280C50DD00D41BD0 /* Release */ = {
			isa = XCBuildConfiguration;
			buildSettings = {
				ALWAYS_SEARCH_USER_PATHS = NO;
				CLANG_ANALYZER_NONNULL = YES;
				CLANG_ANALYZER_NUMBER_OBJECT_CONVERSION = YES_AGGRESSIVE;
				CLANG_CXX_LANGUAGE_STANDARD = "gnu++17";
				CLANG_ENABLE_MODULES = YES;
				CLANG_ENABLE_OBJC_ARC = YES;
				CLANG_ENABLE_OBJC_WEAK = YES;
				CLANG_WARN_BLOCK_CAPTURE_AUTORELEASING = YES;
				CLANG_WARN_BOOL_CONVERSION = YES;
				CLANG_WARN_COMMA = YES;
				CLANG_WARN_CONSTANT_CONVERSION = YES;
				CLANG_WARN_DEPRECATED_OBJC_IMPLEMENTATIONS = YES;
				CLANG_WARN_DIRECT_OBJC_ISA_USAGE = YES_ERROR;
				CLANG_WARN_DOCUMENTATION_COMMENTS = YES;
				CLANG_WARN_EMPTY_BODY = YES;
				CLANG_WARN_ENUM_CONVERSION = YES;
				CLANG_WARN_INFINITE_RECURSION = YES;
				CLANG_WARN_INT_CONVERSION = YES;
				CLANG_WARN_NON_LITERAL_NULL_CONVERSION = YES;
				CLANG_WARN_OBJC_IMPLICIT_RETAIN_SELF = YES;
				CLANG_WARN_OBJC_LITERAL_CONVERSION = YES;
				CLANG_WARN_OBJC_ROOT_CLASS = YES_ERROR;
				CLANG_WARN_QUOTED_INCLUDE_IN_FRAMEWORK_HEADER = YES;
				CLANG_WARN_RANGE_LOOP_ANALYSIS = YES;
				CLANG_WARN_STRICT_PROTOTYPES = YES;
				CLANG_WARN_SUSPICIOUS_MOVE = YES;
				CLANG_WARN_UNGUARDED_AVAILABILITY = YES_AGGRESSIVE;
				CLANG_WARN_UNREACHABLE_CODE = YES;
				CLANG_WARN__DUPLICATE_METHOD_MATCH = YES;
				COPY_PHASE_STRIP = NO;
				DEBUG_INFORMATION_FORMAT = "dwarf-with-dsym";
				ENABLE_NS_ASSERTIONS = NO;
				ENABLE_STRICT_OBJC_MSGSEND = YES;
				GCC_C_LANGUAGE_STANDARD = gnu11;
				GCC_NO_COMMON_BLOCKS = YES;
				GCC_WARN_64_TO_32_BIT_CONVERSION = YES;
				GCC_WARN_ABOUT_RETURN_TYPE = YES_ERROR;
				GCC_WARN_UNDECLARED_SELECTOR = YES;
				GCC_WARN_UNINITIALIZED_AUTOS = YES_AGGRESSIVE;
				GCC_WARN_UNUSED_FUNCTION = YES;
				GCC_WARN_UNUSED_VARIABLE = YES;
				IPHONEOS_DEPLOYMENT_TARGET = 15.4;
				MTL_ENABLE_DEBUG_INFO = NO;
				MTL_FAST_MATH = YES;
				SDKROOT = iphoneos;
				SWIFT_COMPILATION_MODE = wholemodule;
				SWIFT_OPTIMIZATION_LEVEL = "-O";
				VALIDATE_PRODUCT = YES;
			};
			name = Release;
		};
		BE1B25D3280C50DD00D41BD0 /* Debug */ = {
			isa = XCBuildConfiguration;
			buildSettings = {
				ASSETCATALOG_COMPILER_APPICON_NAME = AppIcon;
				ASSETCATALOG_COMPILER_GLOBAL_ACCENT_COLOR_NAME = AccentColor;
				CODE_SIGN_STYLE = Automatic;
				CURRENT_PROJECT_VERSION = 1;
				DEVELOPMENT_TEAM = UV478P4MA8;
				GENERATE_INFOPLIST_FILE = YES;
				INFOPLIST_FILE = HotCoffee/Info.plist;
				INFOPLIST_KEY_UIApplicationSupportsIndirectInputEvents = YES;
				INFOPLIST_KEY_UILaunchStoryboardName = LaunchScreen;
				INFOPLIST_KEY_UIMainStoryboardFile = Main;
				INFOPLIST_KEY_UISupportedInterfaceOrientations_iPad = "UIInterfaceOrientationPortrait UIInterfaceOrientationPortraitUpsideDown UIInterfaceOrientationLandscapeLeft UIInterfaceOrientationLandscapeRight";
				INFOPLIST_KEY_UISupportedInterfaceOrientations_iPhone = "UIInterfaceOrientationPortrait UIInterfaceOrientationLandscapeLeft UIInterfaceOrientationLandscapeRight";
				LD_RUNPATH_SEARCH_PATHS = (
					"$(inherited)",
					"@executable_path/Frameworks",
				);
				MARKETING_VERSION = 1.0;
				PRODUCT_BUNDLE_IDENTIFIER = com.adirelm.HotCoffee;
				PRODUCT_NAME = "$(TARGET_NAME)";
				SWIFT_EMIT_LOC_STRINGS = YES;
				SWIFT_VERSION = 5.0;
				TARGETED_DEVICE_FAMILY = "1,2";
			};
			name = Debug;
		};
		BE1B25D4280C50DD00D41BD0 /* Release */ = {
			isa = XCBuildConfiguration;
			buildSettings = {
				ASSETCATALOG_COMPILER_APPICON_NAME = AppIcon;
				ASSETCATALOG_COMPILER_GLOBAL_ACCENT_COLOR_NAME = AccentColor;
				CODE_SIGN_STYLE = Automatic;
				CURRENT_PROJECT_VERSION = 1;
				DEVELOPMENT_TEAM = UV478P4MA8;
				GENERATE_INFOPLIST_FILE = YES;
				INFOPLIST_FILE = HotCoffee/Info.plist;
				INFOPLIST_KEY_UIApplicationSupportsIndirectInputEvents = YES;
				INFOPLIST_KEY_UILaunchStoryboardName = LaunchScreen;
				INFOPLIST_KEY_UIMainStoryboardFile = Main;
				INFOPLIST_KEY_UISupportedInterfaceOrientations_iPad = "UIInterfaceOrientationPortrait UIInterfaceOrientationPortraitUpsideDown UIInterfaceOrientationLandscapeLeft UIInterfaceOrientationLandscapeRight";
				INFOPLIST_KEY_UISupportedInterfaceOrientations_iPhone = "UIInterfaceOrientationPortrait UIInterfaceOrientationLandscapeLeft UIInterfaceOrientationLandscapeRight";
				LD_RUNPATH_SEARCH_PATHS = (
					"$(inherited)",
					"@executable_path/Frameworks",
				);
				MARKETING_VERSION = 1.0;
				PRODUCT_BUNDLE_IDENTIFIER = com.adirelm.HotCoffee;
				PRODUCT_NAME = "$(TARGET_NAME)";
				SWIFT_EMIT_LOC_STRINGS = YES;
				SWIFT_VERSION = 5.0;
				TARGETED_DEVICE_FAMILY = "1,2";
			};
			name = Release;
		};
/* End XCBuildConfiguration section */

/* Begin XCConfigurationList section */
		BE1B25B9280C50D900D41BD0 /* Build configuration list for PBXProject "HotCoffee" */ = {
			isa = XCConfigurationList;
			buildConfigurations = (
				BE1B25D0280C50DD00D41BD0 /* Debug */,
				BE1B25D1280C50DD00D41BD0 /* Release */,
			);
			defaultConfigurationIsVisible = 0;
			defaultConfigurationName = Release;
		};
		BE1B25D2280C50DD00D41BD0 /* Build configuration list for PBXNativeTarget "HotCoffee" */ = {
			isa = XCConfigurationList;
			buildConfigurations = (
				BE1B25D3280C50DD00D41BD0 /* Debug */,
				BE1B25D4280C50DD00D41BD0 /* Release */,
			);
			defaultConfigurationIsVisible = 0;
			defaultConfigurationName = Release;
		};
/* End XCConfigurationList section */
	};
	rootObject = BE1B25B6280C50D900D41BD0 /* Project object */;
}
